// !$*UTF8*$!
{
	archiveVersion = 1;
	classes = {
	};
	objectVersion = 56;
	objects = {

/* Begin PBXBuildFile section */
		1E01050D2B354412004BB08F /* Bar.swift in Sources */ = {isa = PBXBuildFile; fileRef = 1E01050C2B354412004BB08F /* Bar.swift */; };
		1E01050F2B3556C2004BB08F /* Ring.swift in Sources */ = {isa = PBXBuildFile; fileRef = 1E01050E2B3556C2004BB08F /* Ring.swift */; };
		1E0105112B359C9F004BB08F /* Wheel.swift in Sources */ = {isa = PBXBuildFile; fileRef = 1E0105102B359C9F004BB08F /* Wheel.swift */; };
		1E79CD8A2B36366C0031B9C4 /* Rings.swift in Sources */ = {isa = PBXBuildFile; fileRef = 1E79CD892B36366C0031B9C4 /* Rings.swift */; };
		1E79CD8C2B37666B0031B9C4 /* Leaf.swift in Sources */ = {isa = PBXBuildFile; fileRef = 1E79CD8B2B37666B0031B9C4 /* Leaf.swift */; };
		1E79CD902B37679D0031B9C4 /* Shaders.metal in Sources */ = {isa = PBXBuildFile; fileRef = 1E79CD8F2B37679D0031B9C4 /* Shaders.metal */; };
		1EE729242B3876E000EBEBA6 /* Space.swift in Sources */ = {isa = PBXBuildFile; fileRef = 1EE729232B3876E000EBEBA6 /* Space.swift */; };
		1EF2CD772B335E91007EB22D /* Cool_LoadersApp.swift in Sources */ = {isa = PBXBuildFile; fileRef = 1EF2CD762B335E91007EB22D /* Cool_LoadersApp.swift */; };
		1EF2CD792B335E91007EB22D /* ContentView.swift in Sources */ = {isa = PBXBuildFile; fileRef = 1EF2CD782B335E91007EB22D /* ContentView.swift */; };
		1EF2CD7B2B335E92007EB22D /* Assets.xcassets in Resources */ = {isa = PBXBuildFile; fileRef = 1EF2CD7A2B335E92007EB22D /* Assets.xcassets */; };
		1EF2CD7E2B335E92007EB22D /* Preview Assets.xcassets in Resources */ = {isa = PBXBuildFile; fileRef = 1EF2CD7D2B335E92007EB22D /* Preview Assets.xcassets */; };
		1EF2CD852B33707F007EB22D /* DarkCircle.swift in Sources */ = {isa = PBXBuildFile; fileRef = 1EF2CD842B33707F007EB22D /* DarkCircle.swift */; };
		1EF2CD882B3373F0007EB22D /* Extensions.swift in Sources */ = {isa = PBXBuildFile; fileRef = 1EF2CD872B3373F0007EB22D /* Extensions.swift */; };
		1EF2CD8A2B33769A007EB22D /* DashCircle.swift in Sources */ = {isa = PBXBuildFile; fileRef = 1EF2CD892B33769A007EB22D /* DashCircle.swift */; };
		1EF2CD8C2B337F8E007EB22D /* GradientTest.swift in Sources */ = {isa = PBXBuildFile; fileRef = 1EF2CD8B2B337F8E007EB22D /* GradientTest.swift */; };
		1EF2CD982B33996D007EB22D /* CircleMa.swift in Sources */ = {isa = PBXBuildFile; fileRef = 1EF2CD972B33996D007EB22D /* CircleMa.swift */; };
/* End PBXBuildFile section */

/* Begin PBXFileReference section */
		1E01050C2B354412004BB08F /* Bar.swift */ = {isa = PBXFileReference; lastKnownFileType = sourcecode.swift; path = Bar.swift; sourceTree = "<group>"; };
		1E01050E2B3556C2004BB08F /* Ring.swift */ = {isa = PBXFileReference; lastKnownFileType = sourcecode.swift; path = Ring.swift; sourceTree = "<group>"; };
		1E0105102B359C9F004BB08F /* Wheel.swift */ = {isa = PBXFileReference; lastKnownFileType = sourcecode.swift; path = Wheel.swift; sourceTree = "<group>"; };
		1E79CD892B36366C0031B9C4 /* Rings.swift */ = {isa = PBXFileReference; lastKnownFileType = sourcecode.swift; path = Rings.swift; sourceTree = "<group>"; };
		1E79CD8B2B37666B0031B9C4 /* Leaf.swift */ = {isa = PBXFileReference; lastKnownFileType = sourcecode.swift; path = Leaf.swift; sourceTree = "<group>"; };
		1E79CD8F2B37679D0031B9C4 /* Shaders.metal */ = {isa = PBXFileReference; lastKnownFileType = sourcecode.metal; path = Shaders.metal; sourceTree = "<group>"; };
		1EE729232B3876E000EBEBA6 /* Space.swift */ = {isa = PBXFileReference; lastKnownFileType = sourcecode.swift; path = Space.swift; sourceTree = "<group>"; };
		1EE729252B38817800EBEBA6 /* Cool-Loaders-Info.plist */ = {isa = PBXFileReference; lastKnownFileType = text.plist; path = "Cool-Loaders-Info.plist"; sourceTree = SOURCE_ROOT; };
		1EF2CD732B335E91007EB22D /* Cool Loaders.app */ = {isa = PBXFileReference; explicitFileType = wrapper.application; includeInIndex = 0; path = "Cool Loaders.app"; sourceTree = BUILT_PRODUCTS_DIR; };
		1EF2CD762B335E91007EB22D /* Cool_LoadersApp.swift */ = {isa = PBXFileReference; lastKnownFileType = sourcecode.swift; path = Cool_LoadersApp.swift; sourceTree = "<group>"; };
		1EF2CD782B335E91007EB22D /* ContentView.swift */ = {isa = PBXFileReference; lastKnownFileType = sourcecode.swift; path = ContentView.swift; sourceTree = "<group>"; };
		1EF2CD7A2B335E92007EB22D /* Assets.xcassets */ = {isa = PBXFileReference; lastKnownFileType = folder.assetcatalog; path = Assets.xcassets; sourceTree = "<group>"; };
		1EF2CD7D2B335E92007EB22D /* Preview Assets.xcassets */ = {isa = PBXFileReference; lastKnownFileType = folder.assetcatalog; path = "Preview Assets.xcassets"; sourceTree = "<group>"; };
		1EF2CD842B33707F007EB22D /* DarkCircle.swift */ = {isa = PBXFileReference; lastKnownFileType = sourcecode.swift; path = DarkCircle.swift; sourceTree = "<group>"; };
		1EF2CD872B3373F0007EB22D /* Extensions.swift */ = {isa = PBXFileReference; lastKnownFileType = sourcecode.swift; path = Extensions.swift; sourceTree = "<group>"; };
		1EF2CD892B33769A007EB22D /* DashCircle.swift */ = {isa = PBXFileReference; lastKnownFileType = sourcecode.swift; path = DashCircle.swift; sourceTree = "<group>"; };
		1EF2CD8B2B337F8E007EB22D /* GradientTest.swift */ = {isa = PBXFileReference; lastKnownFileType = sourcecode.swift; path = GradientTest.swift; sourceTree = "<group>"; };
		1EF2CD972B33996D007EB22D /* CircleMa.swift */ = {isa = PBXFileReference; lastKnownFileType = sourcecode.swift; path = CircleMa.swift; sourceTree = "<group>"; };
/* End PBXFileReference section */

/* Begin PBXFrameworksBuildPhase section */
		1EF2CD702B335E91007EB22D /* Frameworks */ = {
			isa = PBXFrameworksBuildPhase;
			buildActionMask = 2147483647;
			files = (
			);
			runOnlyForDeploymentPostprocessing = 0;
		};
/* End PBXFrameworksBuildPhase section */

/* Begin PBXGroup section */
		1EF2CD6A2B335E91007EB22D = {
			isa = PBXGroup;
			children = (
				1EF2CD752B335E91007EB22D /* Cool Loaders */,
				1EF2CD742B335E91007EB22D /* Products */,
			);
			sourceTree = "<group>";
		};
		1EF2CD742B335E91007EB22D /* Products */ = {
			isa = PBXGroup;
			children = (
				1EF2CD732B335E91007EB22D /* Cool Loaders.app */,
			);
			name = Products;
			sourceTree = "<group>";
		};
		1EF2CD752B335E91007EB22D /* Cool Loaders */ = {
			isa = PBXGroup;
			children = (
				1EE729252B38817800EBEBA6 /* Cool-Loaders-Info.plist */,
				1EF2CD902B33918A007EB22D /* View */,
				1EF2CD862B3373B5007EB22D /* Utilities */,
				1EF2CD762B335E91007EB22D /* Cool_LoadersApp.swift */,
				1EF2CD782B335E91007EB22D /* ContentView.swift */,
				1E79CD8F2B37679D0031B9C4 /* Shaders.metal */,
				1EF2CD7A2B335E92007EB22D /* Assets.xcassets */,
				1EF2CD7C2B335E92007EB22D /* Preview Content */,
			);
			path = "Cool Loaders";
			sourceTree = "<group>";
		};
		1EF2CD7C2B335E92007EB22D /* Preview Content */ = {
			isa = PBXGroup;
			children = (
				1EF2CD7D2B335E92007EB22D /* Preview Assets.xcassets */,
			);
			path = "Preview Content";
			sourceTree = "<group>";
		};
		1EF2CD862B3373B5007EB22D /* Utilities */ = {
			isa = PBXGroup;
			children = (
				1EF2CD872B3373F0007EB22D /* Extensions.swift */,
			);
			path = Utilities;
			sourceTree = "<group>";
		};
		1EF2CD902B33918A007EB22D /* View */ = {
			isa = PBXGroup;
			children = (
				1EF2CD972B33996D007EB22D /* CircleMa.swift */,
				1EF2CD842B33707F007EB22D /* DarkCircle.swift */,
				1EF2CD8B2B337F8E007EB22D /* GradientTest.swift */,
				1EF2CD892B33769A007EB22D /* DashCircle.swift */,
				1E01050C2B354412004BB08F /* Bar.swift */,
				1E01050E2B3556C2004BB08F /* Ring.swift */,
				1E0105102B359C9F004BB08F /* Wheel.swift */,
				1E79CD892B36366C0031B9C4 /* Rings.swift */,
				1E79CD8B2B37666B0031B9C4 /* Leaf.swift */,
				1EE729232B3876E000EBEBA6 /* Space.swift */,
			);
			path = View;
			sourceTree = "<group>";
		};
/* End PBXGroup section */

/* Begin PBXNativeTarget section */
		1EF2CD722B335E91007EB22D /* Cool Loaders */ = {
			isa = PBXNativeTarget;
			buildConfigurationList = 1EF2CD812B335E92007EB22D /* Build configuration list for PBXNativeTarget "Cool Loaders" */;
			buildPhases = (
				1EF2CD6F2B335E91007EB22D /* Sources */,
				1EF2CD702B335E91007EB22D /* Frameworks */,
				1EF2CD712B335E91007EB22D /* Resources */,
			);
			buildRules = (
			);
			dependencies = (
			);
			name = "Cool Loaders";
			productName = "Cool Loaders";
			productReference = 1EF2CD732B335E91007EB22D /* Cool Loaders.app */;
			productType = "com.apple.product-type.application";
		};
/* End PBXNativeTarget section */

/* Begin PBXProject section */
		1EF2CD6B2B335E91007EB22D /* Project object */ = {
			isa = PBXProject;
			attributes = {
				BuildIndependentTargetsInParallel = 1;
				LastSwiftUpdateCheck = 1510;
				LastUpgradeCheck = 1510;
				TargetAttributes = {
					1EF2CD722B335E91007EB22D = {
						CreatedOnToolsVersion = 15.1;
					};
				};
			};
			buildConfigurationList = 1EF2CD6E2B335E91007EB22D /* Build configuration list for PBXProject "Cool Loaders" */;
			compatibilityVersion = "Xcode 14.0";
			developmentRegion = en;
			hasScannedForEncodings = 0;
			knownRegions = (
				en,
				Base,
			);
			mainGroup = 1EF2CD6A2B335E91007EB22D;
			productRefGroup = 1EF2CD742B335E91007EB22D /* Products */;
			projectDirPath = "";
			projectRoot = "";
			targets = (
				1EF2CD722B335E91007EB22D /* Cool Loaders */,
			);
		};
/* End PBXProject section */

/* Begin PBXResourcesBuildPhase section */
		1EF2CD712B335E91007EB22D /* Resources */ = {
			isa = PBXResourcesBuildPhase;
			buildActionMask = 2147483647;
			files = (
				1EF2CD7E2B335E92007EB22D /* Preview Assets.xcassets in Resources */,
				1EF2CD7B2B335E92007EB22D /* Assets.xcassets in Resources */,
			);
			runOnlyForDeploymentPostprocessing = 0;
		};
/* End PBXResourcesBuildPhase section */

/* Begin PBXSourcesBuildPhase section */
		1EF2CD6F2B335E91007EB22D /* Sources */ = {
			isa = PBXSourcesBuildPhase;
			buildActionMask = 2147483647;
			files = (
				1EF2CD852B33707F007EB22D /* DarkCircle.swift in Sources */,
				1E79CD8A2B36366C0031B9C4 /* Rings.swift in Sources */,
				1EE729242B3876E000EBEBA6 /* Space.swift in Sources */,
				1E79CD902B37679D0031B9C4 /* Shaders.metal in Sources */,
				1E01050D2B354412004BB08F /* Bar.swift in Sources */,
				1EF2CD792B335E91007EB22D /* ContentView.swift in Sources */,
				1E0105112B359C9F004BB08F /* Wheel.swift in Sources */,
				1EF2CD772B335E91007EB22D /* Cool_LoadersApp.swift in Sources */,
				1EF2CD8C2B337F8E007EB22D /* GradientTest.swift in Sources */,
				1EF2CD882B3373F0007EB22D /* Extensions.swift in Sources */,
				1EF2CD982B33996D007EB22D /* CircleMa.swift in Sources */,
				1E79CD8C2B37666B0031B9C4 /* Leaf.swift in Sources */,
				1E01050F2B3556C2004BB08F /* Ring.swift in Sources */,
				1EF2CD8A2B33769A007EB22D /* DashCircle.swift in Sources */,
			);
			runOnlyForDeploymentPostprocessing = 0;
		};
/* End PBXSourcesBuildPhase section */

/* Begin XCBuildConfiguration section */
		1EF2CD7F2B335E92007EB22D /* Debug */ = {
			isa = XCBuildConfiguration;
			buildSettings = {
				ALWAYS_SEARCH_USER_PATHS = NO;
				ASSETCATALOG_COMPILER_GENERATE_SWIFT_ASSET_SYMBOL_EXTENSIONS = YES;
				CLANG_ANALYZER_NONNULL = YES;
				CLANG_ANALYZER_NUMBER_OBJECT_CONVERSION = YES_AGGRESSIVE;
				CLANG_CXX_LANGUAGE_STANDARD = "gnu++20";
				CLANG_ENABLE_MODULES = YES;
				CLANG_ENABLE_OBJC_ARC = YES;
				CLANG_ENABLE_OBJC_WEAK = YES;
				CLANG_WARN_BLOCK_CAPTURE_AUTORELEASING = YES;
				CLANG_WARN_BOOL_CONVERSION = YES;
				CLANG_WARN_COMMA = YES;
				CLANG_WARN_CONSTANT_CONVERSION = YES;
				CLANG_WARN_DEPRECATED_OBJC_IMPLEMENTATIONS = YES;
				CLANG_WARN_DIRECT_OBJC_ISA_USAGE = YES_ERROR;
				CLANG_WARN_DOCUMENTATION_COMMENTS = YES;
				CLANG_WARN_EMPTY_BODY = YES;
				CLANG_WARN_ENUM_CONVERSION = YES;
				CLANG_WARN_INFINITE_RECURSION = YES;
				CLANG_WARN_INT_CONVERSION = YES;
				CLANG_WARN_NON_LITERAL_NULL_CONVERSION = YES;
				CLANG_WARN_OBJC_IMPLICIT_RETAIN_SELF = YES;
				CLANG_WARN_OBJC_LITERAL_CONVERSION = YES;
				CLANG_WARN_OBJC_ROOT_CLASS = YES_ERROR;
				CLANG_WARN_QUOTED_INCLUDE_IN_FRAMEWORK_HEADER = YES;
				CLANG_WARN_RANGE_LOOP_ANALYSIS = YES;
				CLANG_WARN_STRICT_PROTOTYPES = YES;
				CLANG_WARN_SUSPICIOUS_MOVE = YES;
				CLANG_WARN_UNGUARDED_AVAILABILITY = YES_AGGRESSIVE;
				CLANG_WARN_UNREACHABLE_CODE = YES;
				CLANG_WARN__DUPLICATE_METHOD_MATCH = YES;
				COPY_PHASE_STRIP = NO;
				DEBUG_INFORMATION_FORMAT = dwarf;
				ENABLE_STRICT_OBJC_MSGSEND = YES;
				ENABLE_TESTABILITY = YES;
				ENABLE_USER_SCRIPT_SANDBOXING = YES;
				GCC_C_LANGUAGE_STANDARD = gnu17;
				GCC_DYNAMIC_NO_PIC = NO;
				GCC_NO_COMMON_BLOCKS = YES;
				GCC_OPTIMIZATION_LEVEL = 0;
				GCC_PREPROCESSOR_DEFINITIONS = (
					"DEBUG=1",
					"$(inherited)",
				);
				GCC_WARN_64_TO_32_BIT_CONVERSION = YES;
				GCC_WARN_ABOUT_RETURN_TYPE = YES_ERROR;
				GCC_WARN_UNDECLARED_SELECTOR = YES;
				GCC_WARN_UNINITIALIZED_AUTOS = YES_AGGRESSIVE;
				GCC_WARN_UNUSED_FUNCTION = YES;
				GCC_WARN_UNUSED_VARIABLE = YES;
				IPHONEOS_DEPLOYMENT_TARGET = 17.2;
				LOCALIZATION_PREFERS_STRING_CATALOGS = YES;
				MTL_ENABLE_DEBUG_INFO = INCLUDE_SOURCE;
				MTL_FAST_MATH = YES;
				ONLY_ACTIVE_ARCH = YES;
				SDKROOT = iphoneos;
				SWIFT_ACTIVE_COMPILATION_CONDITIONS = "DEBUG $(inherited)";
				SWIFT_OPTIMIZATION_LEVEL = "-Onone";
			};
			name = Debug;
		};
		1EF2CD802B335E92007EB22D /* Release */ = {
			isa = XCBuildConfiguration;
			buildSettings = {
				ALWAYS_SEARCH_USER_PATHS = NO;
				ASSETCATALOG_COMPILER_GENERATE_SWIFT_ASSET_SYMBOL_EXTENSIONS = YES;
				CLANG_ANALYZER_NONNULL = YES;
				CLANG_ANALYZER_NUMBER_OBJECT_CONVERSION = YES_AGGRESSIVE;
				CLANG_CXX_LANGUAGE_STANDARD = "gnu++20";
				CLANG_ENABLE_MODULES = YES;
				CLANG_ENABLE_OBJC_ARC = YES;
				CLANG_ENABLE_OBJC_WEAK = YES;
				CLANG_WARN_BLOCK_CAPTURE_AUTORELEASING = YES;
				CLANG_WARN_BOOL_CONVERSION = YES;
				CLANG_WARN_COMMA = YES;
				CLANG_WARN_CONSTANT_CONVERSION = YES;
				CLANG_WARN_DEPRECATED_OBJC_IMPLEMENTATIONS = YES;
				CLANG_WARN_DIRECT_OBJC_ISA_USAGE = YES_ERROR;
				CLANG_WARN_DOCUMENTATION_COMMENTS = YES;
				CLANG_WARN_EMPTY_BODY = YES;
				CLANG_WARN_ENUM_CONVERSION = YES;
				CLANG_WARN_INFINITE_RECURSION = YES;
				CLANG_WARN_INT_CONVERSION = YES;
				CLANG_WARN_NON_LITERAL_NULL_CONVERSION = YES;
				CLANG_WARN_OBJC_IMPLICIT_RETAIN_SELF = YES;
				CLANG_WARN_OBJC_LITERAL_CONVERSION = YES;
				CLANG_WARN_OBJC_ROOT_CLASS = YES_ERROR;
				CLANG_WARN_QUOTED_INCLUDE_IN_FRAMEWORK_HEADER = YES;
				CLANG_WARN_RANGE_LOOP_ANALYSIS = YES;
				CLANG_WARN_STRICT_PROTOTYPES = YES;
				CLANG_WARN_SUSPICIOUS_MOVE = YES;
				CLANG_WARN_UNGUARDED_AVAILABILITY = YES_AGGRESSIVE;
				CLANG_WARN_UNREACHABLE_CODE = YES;
				CLANG_WARN__DUPLICATE_METHOD_MATCH = YES;
				COPY_PHASE_STRIP = NO;
				DEBUG_INFORMATION_FORMAT = "dwarf-with-dsym";
				ENABLE_NS_ASSERTIONS = NO;
				ENABLE_STRICT_OBJC_MSGSEND = YES;
				ENABLE_USER_SCRIPT_SANDBOXING = YES;
				GCC_C_LANGUAGE_STANDARD = gnu17;
				GCC_NO_COMMON_BLOCKS = YES;
				GCC_WARN_64_TO_32_BIT_CONVERSION = YES;
				GCC_WARN_ABOUT_RETURN_TYPE = YES_ERROR;
				GCC_WARN_UNDECLARED_SELECTOR = YES;
				GCC_WARN_UNINITIALIZED_AUTOS = YES_AGGRESSIVE;
				GCC_WARN_UNUSED_FUNCTION = YES;
				GCC_WARN_UNUSED_VARIABLE = YES;
				IPHONEOS_DEPLOYMENT_TARGET = 17.2;
				LOCALIZATION_PREFERS_STRING_CATALOGS = YES;
				MTL_ENABLE_DEBUG_INFO = NO;
				MTL_FAST_MATH = YES;
				SDKROOT = iphoneos;
				SWIFT_COMPILATION_MODE = wholemodule;
				VALIDATE_PRODUCT = YES;
			};
			name = Release;
		};
		1EF2CD822B335E92007EB22D /* Debug */ = {
			isa = XCBuildConfiguration;
			buildSettings = {
				ASSETCATALOG_COMPILER_APPICON_NAME = AppIcon;
				ASSETCATALOG_COMPILER_GLOBAL_ACCENT_COLOR_NAME = AccentColor;
				CODE_SIGN_STYLE = Automatic;
				CURRENT_PROJECT_VERSION = 1;
				DEVELOPMENT_ASSET_PATHS = "\"Cool Loaders/Preview Content\"";
				DEVELOPMENT_TEAM = 9GRRFW5PQZ;
				ENABLE_PREVIEWS = YES;
				GENERATE_INFOPLIST_FILE = YES;
				INFOPLIST_FILE = "Cool-Loaders-Info.plist";
				INFOPLIST_KEY_UIApplicationSceneManifest_Generation = YES;
				INFOPLIST_KEY_UIApplicationSupportsIndirectInputEvents = YES;
				INFOPLIST_KEY_UISupportedInterfaceOrientations_iPad = "UIInterfaceOrientationPortrait UIInterfaceOrientationPortraitUpsideDown UIInterfaceOrientationLandscapeLeft UIInterfaceOrientationLandscapeRight";
				INFOPLIST_KEY_UISupportedInterfaceOrientations_iPhone = "UIInterfaceOrientationPortrait UIInterfaceOrientationLandscapeLeft UIInterfaceOrientationLandscapeRight";
				LD_RUNPATH_SEARCH_PATHS = (
					"$(inherited)",
					"@executable_path/Frameworks",
				);
				MARKETING_VERSION = 1.0;
				PRODUCT_BUNDLE_IDENTIFIER = "overlayz.studio.Cool-Loaders";
				PRODUCT_NAME = "$(TARGET_NAME)";
				SWIFT_EMIT_LOC_STRINGS = YES;
				SWIFT_VERSION = 5.0;
				TARGETED_DEVICE_FAMILY = "1,2";
			};
			name = Debug;
		};
		1EF2CD832B335E92007EB22D /* Release */ = {
			isa = XCBuildConfiguration;
			buildSettings = {
				ASSETCATALOG_COMPILER_APPICON_NAME = AppIcon;
				ASSETCATALOG_COMPILER_GLOBAL_ACCENT_COLOR_NAME = AccentColor;
				CODE_SIGN_STYLE = Automatic;
				CURRENT_PROJECT_VERSION = 1;
				DEVELOPMENT_ASSET_PATHS = "\"Cool Loaders/Preview Content\"";
				DEVELOPMENT_TEAM = 9GRRFW5PQZ;
				ENABLE_PREVIEWS = YES;
				GENERATE_INFOPLIST_FILE = YES;
				INFOPLIST_FILE = "Cool-Loaders-Info.plist";
				INFOPLIST_KEY_UIApplicationSceneManifest_Generation = YES;
				INFOPLIST_KEY_UIApplicationSupportsIndirectInputEvents = YES;
				INFOPLIST_KEY_UISupportedInterfaceOrientations_iPad = "UIInterfaceOrientationPortrait UIInterfaceOrientationPortraitUpsideDown UIInterfaceOrientationLandscapeLeft UIInterfaceOrientationLandscapeRight";
				INFOPLIST_KEY_UISupportedInterfaceOrientations_iPhone = "UIInterfaceOrientationPortrait UIInterfaceOrientationLandscapeLeft UIInterfaceOrientationLandscapeRight";
				LD_RUNPATH_SEARCH_PATHS = (
					"$(inherited)",
					"@executable_path/Frameworks",
				);
				MARKETING_VERSION = 1.0;
				PRODUCT_BUNDLE_IDENTIFIER = "overlayz.studio.Cool-Loaders";
				PRODUCT_NAME = "$(TARGET_NAME)";
				SWIFT_EMIT_LOC_STRINGS = YES;
				SWIFT_VERSION = 5.0;
				TARGETED_DEVICE_FAMILY = "1,2";
			};
			name = Release;
		};
/* End XCBuildConfiguration section */

/* Begin XCConfigurationList section */
		1EF2CD6E2B335E91007EB22D /* Build configuration list for PBXProject "Cool Loaders" */ = {
			isa = XCConfigurationList;
			buildConfigurations = (
				1EF2CD7F2B335E92007EB22D /* Debug */,
				1EF2CD802B335E92007EB22D /* Release */,
			);
			defaultConfigurationIsVisible = 0;
			defaultConfigurationName = Release;
		};
		1EF2CD812B335E92007EB22D /* Build configuration list for PBXNativeTarget "Cool Loaders" */ = {
			isa = XCConfigurationList;
			buildConfigurations = (
				1EF2CD822B335E92007EB22D /* Debug */,
				1EF2CD832B335E92007EB22D /* Release */,
			);
			defaultConfigurationIsVisible = 0;
			defaultConfigurationName = Release;
		};
/* End XCConfigurationList section */
	};
	rootObject = 1EF2CD6B2B335E91007EB22D /* Project object */;
}
